// !$*UTF8*$!
{
	archiveVersion = 1;
	classes = {
	};
	objectVersion = 77;
	objects = {

/* Begin PBXBuildFile section */
		2748CCD42C95438BBA3FE050 /* PixelMplus12-Bold.ttf in Resources */ = {isa = PBXBuildFile; fileRef = 021BC866FC8643EEA4E35EFF /* PixelMplus12-Bold.ttf */; };
		0DEFC4A6F9524C4ABC981EDD /* PixelMplus10-Regular.ttf in Resources */ = {isa = PBXBuildFile; fileRef = C6402183AF1E4D6885365071 /* PixelMplus10-Regular.ttf */; };
		4F294EF788FC4614A3FF0B54 /* PixelMplus10-Bold.ttf in Resources */ = {isa = PBXBuildFile; fileRef = AD7F5A8DCF5C42528B5ECCE9 /* PixelMplus10-Bold.ttf */; };
		5AD7B3EBBB0A403F9703542D /* PixelMplus12-Regular.ttf in Resources */ = {isa = PBXBuildFile; fileRef = 531751D051E44BB3A8462C34 /* PixelMplus12-Regular.ttf */; };
		CAEC4E1E2762440486C4D85A /* PressStart2P-Regular.ttf in Resources */ = {isa = PBXBuildFile; fileRef = 019FE173B6724701915D1048 /* PressStart2P-Regular.ttf */; };
		AC983B51321044F685C9F357 /* VT323-Regular.ttf in Resources */ = {isa = PBXBuildFile; fileRef = FB2611C5BADB4EC5AA047765 /* VT323-Regular.ttf */; };
/* End PBXBuildFile section */

/* Begin PBXContainerItemProxy section */
		2CF7FA9C2EFE80B600BCC44B /* PBXContainerItemProxy */ = {
			isa = PBXContainerItemProxy;
			containerPortal = 2CF7FA7D2EFE80B500BCC44B /* Project object */;
			proxyType = 1;
			remoteGlobalIDString = 2CF7FA842EFE80B500BCC44B;
			remoteInfo = manki;
		};
		2CF7FAA62EFE80B600BCC44B /* PBXContainerItemProxy */ = {
			isa = PBXContainerItemProxy;
			containerPortal = 2CF7FA7D2EFE80B500BCC44B /* Project object */;
			proxyType = 1;
			remoteGlobalIDString = 2CF7FA842EFE80B500BCC44B;
			remoteInfo = manki;
		};
/* End PBXContainerItemProxy section */

/* Begin PBXFileReference section */
		021BC866FC8643EEA4E35EFF /* PixelMplus12-Bold.ttf */ = {isa = PBXFileReference; lastKnownFileType = file.ttf; path = "manki/manki-font/PixelMplus-20130602/PixelMplus12-Bold.ttf"; sourceTree = "<group>"; };
		C6402183AF1E4D6885365071 /* PixelMplus10-Regular.ttf */ = {isa = PBXFileReference; lastKnownFileType = file.ttf; path = "manki/manki-font/PixelMplus-20130602/PixelMplus10-Regular.ttf"; sourceTree = "<group>"; };
		AD7F5A8DCF5C42528B5ECCE9 /* PixelMplus10-Bold.ttf */ = {isa = PBXFileReference; lastKnownFileType = file.ttf; path = "manki/manki-font/PixelMplus-20130602/PixelMplus10-Bold.ttf"; sourceTree = "<group>"; };
		531751D051E44BB3A8462C34 /* PixelMplus12-Regular.ttf */ = {isa = PBXFileReference; lastKnownFileType = file.ttf; path = "manki/manki-font/PixelMplus-20130602/PixelMplus12-Regular.ttf"; sourceTree = "<group>"; };
		019FE173B6724701915D1048 /* PressStart2P-Regular.ttf */ = {isa = PBXFileReference; lastKnownFileType = file.ttf; path = "manki/manki-font/Press_Start_2P,VT323/Press_Start_2P/PressStart2P-Regular.ttf"; sourceTree = "<group>"; };
		FB2611C5BADB4EC5AA047765 /* VT323-Regular.ttf */ = {isa = PBXFileReference; lastKnownFileType = file.ttf; path = "manki/manki-font/Press_Start_2P,VT323/VT323/VT323-Regular.ttf"; sourceTree = "<group>"; };
		2CF7FA852EFE80B500BCC44B /* manki.app */ = {isa = PBXFileReference; explicitFileType = wrapper.application; includeInIndex = 0; path = manki.app; sourceTree = BUILT_PRODUCTS_DIR; };
		2CF7FA9B2EFE80B600BCC44B /* mankiTests.xctest */ = {isa = PBXFileReference; explicitFileType = wrapper.cfbundle; includeInIndex = 0; path = mankiTests.xctest; sourceTree = BUILT_PRODUCTS_DIR; };
		2CF7FAA52EFE80B600BCC44B /* mankiUITests.xctest */ = {isa = PBXFileReference; explicitFileType = wrapper.cfbundle; includeInIndex = 0; path = mankiUITests.xctest; sourceTree = BUILT_PRODUCTS_DIR; };
/* End PBXFileReference section */

/* Begin PBXFileSystemSynchronizedBuildFileExceptionSet section */
		2CF7FAAD2EFE80B600BCC44B /* Exceptions for "manki" folder in "manki" target */ = {
			isa = PBXFileSystemSynchronizedBuildFileExceptionSet;
			membershipExceptions = (
				Info.plist,
			);
			target = 2CF7FA842EFE80B500BCC44B /* manki */;
		};
/* End PBXFileSystemSynchronizedBuildFileExceptionSet section */

/* Begin PBXFileSystemSynchronizedRootGroup section */
		2CF7FA872EFE80B500BCC44B /* manki */ = {
			isa = PBXFileSystemSynchronizedRootGroup;
			exceptions = (
				2CF7FAAD2EFE80B600BCC44B /* Exceptions for "manki" folder in "manki" target */,
			);
			path = manki;
			sourceTree = "<group>";
		};
		2CF7FA9E2EFE80B600BCC44B /* mankiTests */ = {
			isa = PBXFileSystemSynchronizedRootGroup;
			path = mankiTests;
			sourceTree = "<group>";
		};
		2CF7FAA82EFE80B600BCC44B /* mankiUITests */ = {
			isa = PBXFileSystemSynchronizedRootGroup;
			path = mankiUITests;
			sourceTree = "<group>";
		};
/* End PBXFileSystemSynchronizedRootGroup section */

/* Begin PBXFrameworksBuildPhase section */
		2CF7FA822EFE80B500BCC44B /* Frameworks */ = {
			isa = PBXFrameworksBuildPhase;
			buildActionMask = 2147483647;
			files = (
			);
			runOnlyForDeploymentPostprocessing = 0;
		};
		2CF7FA982EFE80B600BCC44B /* Frameworks */ = {
			isa = PBXFrameworksBuildPhase;
			buildActionMask = 2147483647;
			files = (
			);
			runOnlyForDeploymentPostprocessing = 0;
		};
		2CF7FAA22EFE80B600BCC44B /* Frameworks */ = {
			isa = PBXFrameworksBuildPhase;
			buildActionMask = 2147483647;
			files = (
			);
			runOnlyForDeploymentPostprocessing = 0;
		};
/* End PBXFrameworksBuildPhase section */

/* Begin PBXGroup section */
		2CF7FA7C2EFE80B500BCC44B = {
			isa = PBXGroup;
			children = (
				2CF7FA872EFE80B500BCC44B /* manki */,
				2CF7FA9E2EFE80B600BCC44B /* mankiTests */,
				2CF7FAA82EFE80B600BCC44B /* mankiUITests */,
				2CF7FA862EFE80B500BCC44B /* Products */,
			);
			sourceTree = "<group>";
		};
		2CF7FA862EFE80B500BCC44B /* Products */ = {
			isa = PBXGroup;
			children = (
				2CF7FA852EFE80B500BCC44B /* manki.app */,
				2CF7FA9B2EFE80B600BCC44B /* mankiTests.xctest */,
				2CF7FAA52EFE80B600BCC44B /* mankiUITests.xctest */,
			);
			name = Products;
			sourceTree = "<group>";
		};
/* End PBXGroup section */

/* Begin PBXNativeTarget section */
		2CF7FA842EFE80B500BCC44B /* manki */ = {
			isa = PBXNativeTarget;
			buildConfigurationList = 2CF7FAAE2EFE80B600BCC44B /* Build configuration list for PBXNativeTarget "manki" */;
			buildPhases = (
				2CF7FA812EFE80B500BCC44B /* Sources */,
				2CF7FA822EFE80B500BCC44B /* Frameworks */,
				2CF7FA832EFE80B500BCC44B /* Resources */,
			);
			buildRules = (
			);
			dependencies = (
			);
			fileSystemSynchronizedGroups = (
				2CF7FA872EFE80B500BCC44B /* manki */,
			);
			name = manki;
			packageProductDependencies = (
			);
			productName = manki;
			productReference = 2CF7FA852EFE80B500BCC44B /* manki.app */;
			productType = "com.apple.product-type.application";
		};
		2CF7FA9A2EFE80B600BCC44B /* mankiTests */ = {
			isa = PBXNativeTarget;
			buildConfigurationList = 2CF7FAB32EFE80B600BCC44B /* Build configuration list for PBXNativeTarget "mankiTests" */;
			buildPhases = (
				2CF7FA972EFE80B600BCC44B /* Sources */,
				2CF7FA982EFE80B600BCC44B /* Frameworks */,
				2CF7FA992EFE80B600BCC44B /* Resources */,
			);
			buildRules = (
			);
			dependencies = (
				2CF7FA9D2EFE80B600BCC44B /* PBXTargetDependency */,
			);
			fileSystemSynchronizedGroups = (
				2CF7FA9E2EFE80B600BCC44B /* mankiTests */,
			);
			name = mankiTests;
			packageProductDependencies = (
			);
			productName = mankiTests;
			productReference = 2CF7FA9B2EFE80B600BCC44B /* mankiTests.xctest */;
			productType = "com.apple.product-type.bundle.unit-test";
		};
		2CF7FAA42EFE80B600BCC44B /* mankiUITests */ = {
			isa = PBXNativeTarget;
			buildConfigurationList = 2CF7FAB62EFE80B600BCC44B /* Build configuration list for PBXNativeTarget "mankiUITests" */;
			buildPhases = (
				2CF7FAA12EFE80B600BCC44B /* Sources */,
				2CF7FAA22EFE80B600BCC44B /* Frameworks */,
				2CF7FAA32EFE80B600BCC44B /* Resources */,
			);
			buildRules = (
			);
			dependencies = (
				2CF7FAA72EFE80B600BCC44B /* PBXTargetDependency */,
			);
			fileSystemSynchronizedGroups = (
				2CF7FAA82EFE80B600BCC44B /* mankiUITests */,
			);
			name = mankiUITests;
			packageProductDependencies = (
			);
			productName = mankiUITests;
			productReference = 2CF7FAA52EFE80B600BCC44B /* mankiUITests.xctest */;
			productType = "com.apple.product-type.bundle.ui-testing";
		};
/* End PBXNativeTarget section */

/* Begin PBXProject section */
		2CF7FA7D2EFE80B500BCC44B /* Project object */ = {
			isa = PBXProject;
			attributes = {
				BuildIndependentTargetsInParallel = 1;
				LastSwiftUpdateCheck = 1610;
				LastUpgradeCheck = 1610;
				TargetAttributes = {
					2CF7FA842EFE80B500BCC44B = {
						CreatedOnToolsVersion = 16.1;
					};
					2CF7FA9A2EFE80B600BCC44B = {
						CreatedOnToolsVersion = 16.1;
						TestTargetID = 2CF7FA842EFE80B500BCC44B;
					};
					2CF7FAA42EFE80B600BCC44B = {
						CreatedOnToolsVersion = 16.1;
						TestTargetID = 2CF7FA842EFE80B500BCC44B;
					};
				};
			};
			buildConfigurationList = 2CF7FA802EFE80B500BCC44B /* Build configuration list for PBXProject "manki" */;
			developmentRegion = en;
			hasScannedForEncodings = 0;
			knownRegions = (
				en,
				Base,
			);
			mainGroup = 2CF7FA7C2EFE80B500BCC44B;
			minimizedProjectReferenceProxies = 1;
			preferredProjectObjectVersion = 77;
			productRefGroup = 2CF7FA862EFE80B500BCC44B /* Products */;
			projectDirPath = "";
			projectRoot = "";
			targets = (
				2CF7FA842EFE80B500BCC44B /* manki */,
				2CF7FA9A2EFE80B600BCC44B /* mankiTests */,
				2CF7FAA42EFE80B600BCC44B /* mankiUITests */,
			);
		};
/* End PBXProject section */

/* Begin PBXResourcesBuildPhase section */
		2CF7FA832EFE80B500BCC44B /* Resources */ = {
			isa = PBXResourcesBuildPhase;
			buildActionMask = 2147483647;
			files = (
				2748CCD42C95438BBA3FE050 /* PixelMplus12-Bold.ttf in Resources */,
				0DEFC4A6F9524C4ABC981EDD /* PixelMplus10-Regular.ttf in Resources */,
				4F294EF788FC4614A3FF0B54 /* PixelMplus10-Bold.ttf in Resources */,
				5AD7B3EBBB0A403F9703542D /* PixelMplus12-Regular.ttf in Resources */,
				CAEC4E1E2762440486C4D85A /* PressStart2P-Regular.ttf in Resources */,
				AC983B51321044F685C9F357 /* VT323-Regular.ttf in Resources */,
			);
			runOnlyForDeploymentPostprocessing = 0;
		};
		2CF7FA992EFE80B600BCC44B /* Resources */ = {
			isa = PBXResourcesBuildPhase;
			buildActionMask = 2147483647;
			files = (
			);
			runOnlyForDeploymentPostprocessing = 0;
		};
		2CF7FAA32EFE80B600BCC44B /* Resources */ = {
			isa = PBXResourcesBuildPhase;
			buildActionMask = 2147483647;
			files = (
			);
			runOnlyForDeploymentPostprocessing = 0;
		};
/* End PBXResourcesBuildPhase section */

/* Begin PBXSourcesBuildPhase section */
		2CF7FA812EFE80B500BCC44B /* Sources */ = {
			isa = PBXSourcesBuildPhase;
			buildActionMask = 2147483647;
			files = (
			);
			runOnlyForDeploymentPostprocessing = 0;
		};
		2CF7FA972EFE80B600BCC44B /* Sources */ = {
			isa = PBXSourcesBuildPhase;
			buildActionMask = 2147483647;
			files = (
			);
			runOnlyForDeploymentPostprocessing = 0;
		};
		2CF7FAA12EFE80B600BCC44B /* Sources */ = {
			isa = PBXSourcesBuildPhase;
			buildActionMask = 2147483647;
			files = (
			);
			runOnlyForDeploymentPostprocessing = 0;
		};
/* End PBXSourcesBuildPhase section */

/* Begin PBXTargetDependency section */
		2CF7FA9D2EFE80B600BCC44B /* PBXTargetDependency */ = {
			isa = PBXTargetDependency;
			target = 2CF7FA842EFE80B500BCC44B /* manki */;
			targetProxy = 2CF7FA9C2EFE80B600BCC44B /* PBXContainerItemProxy */;
		};
		2CF7FAA72EFE80B600BCC44B /* PBXTargetDependency */ = {
			isa = PBXTargetDependency;
			target = 2CF7FA842EFE80B500BCC44B /* manki */;
			targetProxy = 2CF7FAA62EFE80B600BCC44B /* PBXContainerItemProxy */;
		};
/* End PBXTargetDependency section */

/* Begin XCBuildConfiguration section */
		2CF7FAAF2EFE80B600BCC44B /* Debug */ = {
			isa = XCBuildConfiguration;
			buildSettings = {
				ASSETCATALOG_COMPILER_APPICON_NAME = AppIcon;
				ASSETCATALOG_COMPILER_GLOBAL_ACCENT_COLOR_NAME = AccentColor;
				CODE_SIGN_STYLE = Automatic;
				CURRENT_PROJECT_VERSION = 1;
				GENERATE_INFOPLIST_FILE = YES;
				INFOPLIST_FILE = manki/Info.plist;
				INFOPLIST_KEY_UIApplicationSupportsIndirectInputEvents = YES;
				INFOPLIST_KEY_UILaunchStoryboardName = LaunchScreen;
				INFOPLIST_KEY_UIMainStoryboardFile = Main;
				INFOPLIST_KEY_UISupportedInterfaceOrientations_iPad = "UIInterfaceOrientationPortrait UIInterfaceOrientationPortraitUpsideDown UIInterfaceOrientationLandscapeLeft UIInterfaceOrientationLandscapeRight";
				INFOPLIST_KEY_UISupportedInterfaceOrientations_iPhone = "UIInterfaceOrientationPortrait UIInterfaceOrientationLandscapeLeft UIInterfaceOrientationLandscapeRight";
				LD_RUNPATH_SEARCH_PATHS = (
					"$(inherited)",
					"@executable_path/Frameworks",
				);
				MARKETING_VERSION = 1.0;
				PRODUCT_BUNDLE_IDENTIFIER = app.inoue.pudding.manki;
				PRODUCT_NAME = "$(TARGET_NAME)";
				SWIFT_EMIT_LOC_STRINGS = YES;
				SWIFT_VERSION = 5.0;
				TARGETED_DEVICE_FAMILY = "1,2";
			};
			name = Debug;
		};
		2CF7FAB02EFE80B600BCC44B /* Release */ = {
			isa = XCBuildConfiguration;
			buildSettings = {
				ASSETCATALOG_COMPILER_APPICON_NAME = AppIcon;
				ASSETCATALOG_COMPILER_GLOBAL_ACCENT_COLOR_NAME = AccentColor;
				CODE_SIGN_STYLE = Automatic;
				CURRENT_PROJECT_VERSION = 1;
				GENERATE_INFOPLIST_FILE = YES;
				INFOPLIST_FILE = manki/Info.plist;
				INFOPLIST_KEY_UIApplicationSupportsIndirectInputEvents = YES;
				INFOPLIST_KEY_UILaunchStoryboardName = LaunchScreen;
				INFOPLIST_KEY_UIMainStoryboardFile = Main;
				INFOPLIST_KEY_UISupportedInterfaceOrientations_iPad = "UIInterfaceOrientationPortrait UIInterfaceOrientationPortraitUpsideDown UIInterfaceOrientationLandscapeLeft UIInterfaceOrientationLandscapeRight";
				INFOPLIST_KEY_UISupportedInterfaceOrientations_iPhone = "UIInterfaceOrientationPortrait UIInterfaceOrientationLandscapeLeft UIInterfaceOrientationLandscapeRight";
				LD_RUNPATH_SEARCH_PATHS = (
					"$(inherited)",
					"@executable_path/Frameworks",
				);
				MARKETING_VERSION = 1.0;
				PRODUCT_BUNDLE_IDENTIFIER = app.inoue.pudding.manki;
				PRODUCT_NAME = "$(TARGET_NAME)";
				SWIFT_EMIT_LOC_STRINGS = YES;
				SWIFT_VERSION = 5.0;
				TARGETED_DEVICE_FAMILY = "1,2";
			};
			name = Release;
		};
		2CF7FAB12EFE80B600BCC44B /* Debug */ = {
			isa = XCBuildConfiguration;
			buildSettings = {
				ALWAYS_SEARCH_USER_PATHS = NO;
				ASSETCATALOG_COMPILER_GENERATE_SWIFT_ASSET_SYMBOL_EXTENSIONS = YES;
				CLANG_ANALYZER_NONNULL = YES;
				CLANG_ANALYZER_NUMBER_OBJECT_CONVERSION = YES_AGGRESSIVE;
				CLANG_CXX_LANGUAGE_STANDARD = "gnu++20";
				CLANG_ENABLE_MODULES = YES;
				CLANG_ENABLE_OBJC_ARC = YES;
				CLANG_ENABLE_OBJC_WEAK = YES;
				CLANG_WARN_BLOCK_CAPTURE_AUTORELEASING = YES;
				CLANG_WARN_BOOL_CONVERSION = YES;
				CLANG_WARN_COMMA = YES;
				CLANG_WARN_CONSTANT_CONVERSION = YES;
				CLANG_WARN_DEPRECATED_OBJC_IMPLEMENTATIONS = YES;
				CLANG_WARN_DIRECT_OBJC_ISA_USAGE = YES_ERROR;
				CLANG_WARN_DOCUMENTATION_COMMENTS = YES;
				CLANG_WARN_EMPTY_BODY = YES;
				CLANG_WARN_ENUM_CONVERSION = YES;
				CLANG_WARN_INFINITE_RECURSION = YES;
				CLANG_WARN_INT_CONVERSION = YES;
				CLANG_WARN_NON_LITERAL_NULL_CONVERSION = YES;
				CLANG_WARN_OBJC_IMPLICIT_RETAIN_SELF = YES;
				CLANG_WARN_OBJC_LITERAL_CONVERSION = YES;
				CLANG_WARN_OBJC_ROOT_CLASS = YES_ERROR;
				CLANG_WARN_QUOTED_INCLUDE_IN_FRAMEWORK_HEADER = YES;
				CLANG_WARN_RANGE_LOOP_ANALYSIS = YES;
				CLANG_WARN_STRICT_PROTOTYPES = YES;
				CLANG_WARN_SUSPICIOUS_MOVE = YES;
				CLANG_WARN_UNGUARDED_AVAILABILITY = YES_AGGRESSIVE;
				CLANG_WARN_UNREACHABLE_CODE = YES;
				CLANG_WARN__DUPLICATE_METHOD_MATCH = YES;
				COPY_PHASE_STRIP = NO;
				DEBUG_INFORMATION_FORMAT = dwarf;
				ENABLE_STRICT_OBJC_MSGSEND = YES;
				ENABLE_TESTABILITY = YES;
				ENABLE_USER_SCRIPT_SANDBOXING = YES;
				GCC_C_LANGUAGE_STANDARD = gnu17;
				GCC_DYNAMIC_NO_PIC = NO;
				GCC_NO_COMMON_BLOCKS = YES;
				GCC_OPTIMIZATION_LEVEL = 0;
				GCC_PREPROCESSOR_DEFINITIONS = (
					"DEBUG=1",
					"$(inherited)",
				);
				GCC_WARN_64_TO_32_BIT_CONVERSION = YES;
				GCC_WARN_ABOUT_RETURN_TYPE = YES_ERROR;
				GCC_WARN_UNDECLARED_SELECTOR = YES;
				GCC_WARN_UNINITIALIZED_AUTOS = YES_AGGRESSIVE;
				GCC_WARN_UNUSED_FUNCTION = YES;
				GCC_WARN_UNUSED_VARIABLE = YES;
				IPHONEOS_DEPLOYMENT_TARGET = 18.1;
				LOCALIZATION_PREFERS_STRING_CATALOGS = YES;
				MTL_ENABLE_DEBUG_INFO = INCLUDE_SOURCE;
				MTL_FAST_MATH = YES;
				ONLY_ACTIVE_ARCH = YES;
				SDKROOT = iphoneos;
				SWIFT_ACTIVE_COMPILATION_CONDITIONS = "DEBUG $(inherited)";
				SWIFT_OPTIMIZATION_LEVEL = "-Onone";
			};
			name = Debug;
		};
		2CF7FAB22EFE80B600BCC44B /* Release */ = {
			isa = XCBuildConfiguration;
			buildSettings = {
				ALWAYS_SEARCH_USER_PATHS = NO;
				ASSETCATALOG_COMPILER_GENERATE_SWIFT_ASSET_SYMBOL_EXTENSIONS = YES;
				CLANG_ANALYZER_NONNULL = YES;
				CLANG_ANALYZER_NUMBER_OBJECT_CONVERSION = YES_AGGRESSIVE;
				CLANG_CXX_LANGUAGE_STANDARD = "gnu++20";
				CLANG_ENABLE_MODULES = YES;
				CLANG_ENABLE_OBJC_ARC = YES;
				CLANG_ENABLE_OBJC_WEAK = YES;
				CLANG_WARN_BLOCK_CAPTURE_AUTORELEASING = YES;
				CLANG_WARN_BOOL_CONVERSION = YES;
				CLANG_WARN_COMMA = YES;
				CLANG_WARN_CONSTANT_CONVERSION = YES;
				CLANG_WARN_DEPRECATED_OBJC_IMPLEMENTATIONS = YES;
				CLANG_WARN_DIRECT_OBJC_ISA_USAGE = YES_ERROR;
				CLANG_WARN_DOCUMENTATION_COMMENTS = YES;
				CLANG_WARN_EMPTY_BODY = YES;
				CLANG_WARN_ENUM_CONVERSION = YES;
				CLANG_WARN_INFINITE_RECURSION = YES;
				CLANG_WARN_INT_CONVERSION = YES;
				CLANG_WARN_NON_LITERAL_NULL_CONVERSION = YES;
				CLANG_WARN_OBJC_IMPLICIT_RETAIN_SELF = YES;
				CLANG_WARN_OBJC_LITERAL_CONVERSION = YES;
				CLANG_WARN_OBJC_ROOT_CLASS = YES_ERROR;
				CLANG_WARN_QUOTED_INCLUDE_IN_FRAMEWORK_HEADER = YES;
				CLANG_WARN_RANGE_LOOP_ANALYSIS = YES;
				CLANG_WARN_STRICT_PROTOTYPES = YES;
				CLANG_WARN_SUSPICIOUS_MOVE = YES;
				CLANG_WARN_UNGUARDED_AVAILABILITY = YES_AGGRESSIVE;
				CLANG_WARN_UNREACHABLE_CODE = YES;
				CLANG_WARN__DUPLICATE_METHOD_MATCH = YES;
				COPY_PHASE_STRIP = NO;
				DEBUG_INFORMATION_FORMAT = "dwarf-with-dsym";
				ENABLE_NS_ASSERTIONS = NO;
				ENABLE_STRICT_OBJC_MSGSEND = YES;
				ENABLE_USER_SCRIPT_SANDBOXING = YES;
				GCC_C_LANGUAGE_STANDARD = gnu17;
				GCC_NO_COMMON_BLOCKS = YES;
				GCC_WARN_64_TO_32_BIT_CONVERSION = YES;
				GCC_WARN_ABOUT_RETURN_TYPE = YES_ERROR;
				GCC_WARN_UNDECLARED_SELECTOR = YES;
				GCC_WARN_UNINITIALIZED_AUTOS = YES_AGGRESSIVE;
				GCC_WARN_UNUSED_FUNCTION = YES;
				GCC_WARN_UNUSED_VARIABLE = YES;
				IPHONEOS_DEPLOYMENT_TARGET = 18.1;
				LOCALIZATION_PREFERS_STRING_CATALOGS = YES;
				MTL_ENABLE_DEBUG_INFO = NO;
				MTL_FAST_MATH = YES;
				SDKROOT = iphoneos;
				SWIFT_COMPILATION_MODE = wholemodule;
				VALIDATE_PRODUCT = YES;
			};
			name = Release;
		};
		2CF7FAB42EFE80B600BCC44B /* Debug */ = {
			isa = XCBuildConfiguration;
			buildSettings = {
				BUNDLE_LOADER = "$(TEST_HOST)";
				CODE_SIGN_STYLE = Automatic;
				CURRENT_PROJECT_VERSION = 1;
				GENERATE_INFOPLIST_FILE = YES;
				IPHONEOS_DEPLOYMENT_TARGET = 18.1;
				MARKETING_VERSION = 1.0;
				PRODUCT_BUNDLE_IDENTIFIER = app.inoue.pudding.mankiTests;
				PRODUCT_NAME = "$(TARGET_NAME)";
				SWIFT_EMIT_LOC_STRINGS = NO;
				SWIFT_VERSION = 5.0;
				TARGETED_DEVICE_FAMILY = "1,2";
				TEST_HOST = "$(BUILT_PRODUCTS_DIR)/manki.app/$(BUNDLE_EXECUTABLE_FOLDER_PATH)/manki";
			};
			name = Debug;
		};
		2CF7FAB52EFE80B600BCC44B /* Release */ = {
			isa = XCBuildConfiguration;
			buildSettings = {
				BUNDLE_LOADER = "$(TEST_HOST)";
				CODE_SIGN_STYLE = Automatic;
				CURRENT_PROJECT_VERSION = 1;
				GENERATE_INFOPLIST_FILE = YES;
				IPHONEOS_DEPLOYMENT_TARGET = 18.1;
				MARKETING_VERSION = 1.0;
				PRODUCT_BUNDLE_IDENTIFIER = app.inoue.pudding.mankiTests;
				PRODUCT_NAME = "$(TARGET_NAME)";
				SWIFT_EMIT_LOC_STRINGS = NO;
				SWIFT_VERSION = 5.0;
				TARGETED_DEVICE_FAMILY = "1,2";
				TEST_HOST = "$(BUILT_PRODUCTS_DIR)/manki.app/$(BUNDLE_EXECUTABLE_FOLDER_PATH)/manki";
			};
			name = Release;
		};
		2CF7FAB72EFE80B600BCC44B /* Debug */ = {
			isa = XCBuildConfiguration;
			buildSettings = {
				CODE_SIGN_STYLE = Automatic;
				CURRENT_PROJECT_VERSION = 1;
				GENERATE_INFOPLIST_FILE = YES;
				MARKETING_VERSION = 1.0;
				PRODUCT_BUNDLE_IDENTIFIER = app.inoue.pudding.mankiUITests;
				PRODUCT_NAME = "$(TARGET_NAME)";
				SWIFT_EMIT_LOC_STRINGS = NO;
				SWIFT_VERSION = 5.0;
				TARGETED_DEVICE_FAMILY = "1,2";
				TEST_TARGET_NAME = manki;
			};
			name = Debug;
		};
		2CF7FAB82EFE80B600BCC44B /* Release */ = {
			isa = XCBuildConfiguration;
			buildSettings = {
				CODE_SIGN_STYLE = Automatic;
				CURRENT_PROJECT_VERSION = 1;
				GENERATE_INFOPLIST_FILE = YES;
				MARKETING_VERSION = 1.0;
				PRODUCT_BUNDLE_IDENTIFIER = app.inoue.pudding.mankiUITests;
				PRODUCT_NAME = "$(TARGET_NAME)";
				SWIFT_EMIT_LOC_STRINGS = NO;
				SWIFT_VERSION = 5.0;
				TARGETED_DEVICE_FAMILY = "1,2";
				TEST_TARGET_NAME = manki;
			};
			name = Release;
		};
/* End XCBuildConfiguration section */

/* Begin XCConfigurationList section */
		2CF7FA802EFE80B500BCC44B /* Build configuration list for PBXProject "manki" */ = {
			isa = XCConfigurationList;
			buildConfigurations = (
				2CF7FAB12EFE80B600BCC44B /* Debug */,
				2CF7FAB22EFE80B600BCC44B /* Release */,
			);
			defaultConfigurationIsVisible = 0;
			defaultConfigurationName = Release;
		};
		2CF7FAAE2EFE80B600BCC44B /* Build configuration list for PBXNativeTarget "manki" */ = {
			isa = XCConfigurationList;
			buildConfigurations = (
				2CF7FAAF2EFE80B600BCC44B /* Debug */,
				2CF7FAB02EFE80B600BCC44B /* Release */,
			);
			defaultConfigurationIsVisible = 0;
			defaultConfigurationName = Release;
		};
		2CF7FAB32EFE80B600BCC44B /* Build configuration list for PBXNativeTarget "mankiTests" */ = {
			isa = XCConfigurationList;
			buildConfigurations = (
				2CF7FAB42EFE80B600BCC44B /* Debug */,
				2CF7FAB52EFE80B600BCC44B /* Release */,
			);
			defaultConfigurationIsVisible = 0;
			defaultConfigurationName = Release;
		};
		2CF7FAB62EFE80B600BCC44B /* Build configuration list for PBXNativeTarget "mankiUITests" */ = {
			isa = XCConfigurationList;
			buildConfigurations = (
				2CF7FAB72EFE80B600BCC44B /* Debug */,
				2CF7FAB82EFE80B600BCC44B /* Release */,
			);
			defaultConfigurationIsVisible = 0;
			defaultConfigurationName = Release;
		};
/* End XCConfigurationList section */
	};
	rootObject = 2CF7FA7D2EFE80B500BCC44B /* Project object */;
}
